
Microsoft Visual Studio Solution File, Format Version 12.00
# Visual Studio Version 16
VisualStudioVersion = 16.0.32106.194
MinimumVisualStudioVersion = 10.0.40219.1
Project("{FAE04EC0-301F-11D3-BF4B-00C04F79EFBC}") = "LoopsAndRandomNumbers", "LoopsAndRandomNumbers\LoopsAndRandomNumbers.csproj", "{94016F94-F238-4754-804B-3B2148BBB493}"
EndProject
Project("{FAE04EC0-301F-11D3-BF4B-00C04F79EFBC}") = "PINInfiniteLoop", "PINInfiniteLoop\PINInfiniteLoop.csproj", "{522C0777-7B23-4452-80EC-AD008EB792C1}"
EndProject
Project("{FAE04EC0-301F-11D3-BF4B-00C04F79EFBC}") = "RandomNumber", "RandomNumber\RandomNumber.csproj", "{CCCE84F7-044B-4141-AF25-A0BD97E928B5}"
EndProject
Project("{FAE04EC0-301F-11D3-BF4B-00C04F79EFBC}") = "GuessingGameInfinite", "GuessingGameInfinite\GuessingGameInfinite.csproj", "{B374946E-E05A-41FD-87BE-8D94826C0B7F}"
EndProject
Project("{FAE04EC0-301F-11D3-BF4B-00C04F79EFBC}") = "GuessingGame3Tries", "GuessingGame3Tries\GuessingGame3Tries.csproj", "{D5A0A338-DEE9-427C-BB00-B53708D0E915}"
EndProject
Global
	GlobalSection(SolutionConfigurationPlatforms) = preSolution
		Debug|Any CPU = Debug|Any CPU
		Release|Any CPU = Release|Any CPU
	EndGlobalSection
	GlobalSection(ProjectConfigurationPlatforms) = postSolution
		{94016F94-F238-4754-804B-3B2148BBB493}.Debug|Any CPU.ActiveCfg = Debug|Any CPU
		{94016F94-F238-4754-804B-3B2148BBB493}.Debug|Any CPU.Build.0 = Debug|Any CPU
		{94016F94-F238-4754-804B-3B2148BBB493}.Release|Any CPU.ActiveCfg = Release|Any CPU
		{94016F94-F238-4754-804B-3B2148BBB493}.Release|Any CPU.Build.0 = Release|Any CPU
		{522C0777-7B23-4452-80EC-AD008EB792C1}.Debug|Any CPU.ActiveCfg = Debug|Any CPU
		{522C0777-7B23-4452-80EC-AD008EB792C1}.Debug|Any CPU.Build.0 = Debug|Any CPU
		{522C0777-7B23-4452-80EC-AD008EB792C1}.Release|Any CPU.ActiveCfg = Release|Any CPU
		{522C0777-7B23-4452-80EC-AD008EB792C1}.Release|Any CPU.Build.0 = Release|Any CPU
		{CCCE84F7-044B-4141-AF25-A0BD97E928B5}.Debug|Any CPU.ActiveCfg = Debug|Any CPU
		{CCCE84F7-044B-4141-AF25-A0BD97E928B5}.Debug|Any CPU.Build.0 = Debug|Any CPU
		{CCCE84F7-044B-4141-AF25-A0BD97E928B5}.Release|Any CPU.ActiveCfg = Release|Any CPU
		{CCCE84F7-044B-4141-AF25-A0BD97E928B5}.Release|Any CPU.Build.0 = Release|Any CPU
		{B374946E-E05A-41FD-87BE-8D94826C0B7F}.Debug|Any CPU.ActiveCfg = Debug|Any CPU
		{B374946E-E05A-41FD-87BE-8D94826C0B7F}.Debug|Any CPU.Build.0 = Debug|Any CPU
		{B374946E-E05A-41FD-87BE-8D94826C0B7F}.Release|Any CPU.ActiveCfg = Release|Any CPU
		{B374946E-E05A-41FD-87BE-8D94826C0B7F}.Release|Any CPU.Build.0 = Release|Any CPU
		{D5A0A338-DEE9-427C-BB00-B53708D0E915}.Debug|Any CPU.ActiveCfg = Debug|Any CPU
		{D5A0A338-DEE9-427C-BB00-B53708D0E915}.Debug|Any CPU.Build.0 = Debug|Any CPU
		{D5A0A338-DEE9-427C-BB00-B53708D0E915}.Release|Any CPU.ActiveCfg = Release|Any CPU
		{D5A0A338-DEE9-427C-BB00-B53708D0E915}.Release|Any CPU.Build.0 = Release|Any CPU
	EndGlobalSection
	GlobalSection(SolutionProperties) = preSolution
		HideSolutionNode = FALSE
	EndGlobalSection
	GlobalSection(ExtensibilityGlobals) = postSolution
		SolutionGuid = {932B0D66-68F8-4DA5-8BA6-3DA8DC5B02FA}
	EndGlobalSection
EndGlobal
